
Microsoft Visual Studio Solution File, Format Version 12.00
# Visual Studio Version 16
VisualStudioVersion = 16.0.32106.194
MinimumVisualStudioVersion = 10.0.40219.1
Project("{9A19103F-16F7-4668-BE54-9A1E7A4F7556}") = "world-conference-api", "world-conference-api\world-conference-api.csproj", "{6737BF6B-D113-43C4-A10B-570E57A85EF5}"
EndProject
Project("{00D1A9C2-B5F0-4AF3-8072-F6C62B433612}") = "world-conference-schema", "world-conference-schema\world-conference-schema.sqlproj", "{AD5D0E57-4E28-4B56-9578-98BC289C396F}"
EndProject
Project("{00D1A9C2-B5F0-4AF3-8072-F6C62B433612}") = "world-conference-data", "world-conference-data\world-conference-data.sqlproj", "{ED93FA42-9AE2-4A28-B4AC-64DD05EB9C75}"
EndProject
Global
	GlobalSection(SolutionConfigurationPlatforms) = preSolution
		Debug|Any CPU = Debug|Any CPU
		Release|Any CPU = Release|Any CPU
	EndGlobalSection
	GlobalSection(ProjectConfigurationPlatforms) = postSolution
		{6737BF6B-D113-43C4-A10B-570E57A85EF5}.Debug|Any CPU.ActiveCfg = Debug|Any CPU
		{6737BF6B-D113-43C4-A10B-570E57A85EF5}.Debug|Any CPU.Build.0 = Debug|Any CPU
		{6737BF6B-D113-43C4-A10B-570E57A85EF5}.Release|Any CPU.ActiveCfg = Release|Any CPU
		{6737BF6B-D113-43C4-A10B-570E57A85EF5}.Release|Any CPU.Build.0 = Release|Any CPU
		{AD5D0E57-4E28-4B56-9578-98BC289C396F}.Debug|Any CPU.ActiveCfg = Debug|Any CPU
		{AD5D0E57-4E28-4B56-9578-98BC289C396F}.Debug|Any CPU.Build.0 = Debug|Any CPU
		{AD5D0E57-4E28-4B56-9578-98BC289C396F}.Debug|Any CPU.Deploy.0 = Debug|Any CPU
		{AD5D0E57-4E28-4B56-9578-98BC289C396F}.Release|Any CPU.ActiveCfg = Release|Any CPU
		{AD5D0E57-4E28-4B56-9578-98BC289C396F}.Release|Any CPU.Build.0 = Release|Any CPU
		{AD5D0E57-4E28-4B56-9578-98BC289C396F}.Release|Any CPU.Deploy.0 = Release|Any CPU
		{ED93FA42-9AE2-4A28-B4AC-64DD05EB9C75}.Debug|Any CPU.ActiveCfg = Debug|Any CPU
		{ED93FA42-9AE2-4A28-B4AC-64DD05EB9C75}.Debug|Any CPU.Build.0 = Debug|Any CPU
		{ED93FA42-9AE2-4A28-B4AC-64DD05EB9C75}.Debug|Any CPU.Deploy.0 = Debug|Any CPU
		{ED93FA42-9AE2-4A28-B4AC-64DD05EB9C75}.Release|Any CPU.ActiveCfg = Release|Any CPU
		{ED93FA42-9AE2-4A28-B4AC-64DD05EB9C75}.Release|Any CPU.Build.0 = Release|Any CPU
		{ED93FA42-9AE2-4A28-B4AC-64DD05EB9C75}.Release|Any CPU.Deploy.0 = Release|Any CPU
	EndGlobalSection
	GlobalSection(SolutionProperties) = preSolution
		HideSolutionNode = FALSE
	EndGlobalSection
	GlobalSection(ExtensibilityGlobals) = postSolution
		SolutionGuid = {D07C1834-DF62-4D24-823D-9B551F8E0DB3}
	EndGlobalSection
EndGlobal
